{
    "_meta": {
        "hash": {
            "sha256": "c7f3e28f610983241e8aede131afed041f862a8e785daa50126a5f6a340079b0"
        },
        "pipfile-spec": 6,
        "requires": {},
        "sources": [
            {
                "name": "pypi",
                "url": "https://pypi.org/simple",
                "verify_ssl": true
            }
        ]
    },
    "default": {
        "dj-database-url": {
            "hashes": [
                "sha256:4aeaeb1f573c74835b0686a2b46b85990571159ffc21aa57ecd4d1e1cb334163",
                "sha256:851785365761ebe4994a921b433062309eb882fedd318e1b0fcecc607ed02da9"
            ],
            "version": "==0.5.0"
        },
        "dj-email-url": {
            "hashes": [
                "sha256:0cb37ac18ffdfecf362a7ff59a8e4ddeb01ac0b0325092e69206656a50bd068a",
                "sha256:19a0450378831e2707e00404866e632837efc67dcc2e7e7a98f72df94b89c1f6"
            ],
            "version": "==1.0.0"
        },
        "dj-search-url": {
            "hashes": [
                "sha256:424d1a5852500b3c118abfdd0e30b3e0016fe68e7ed27b8553a67afa20d4fb40"
            ],
            "version": "==0.1"
        },
        "django": {
            "hashes": [
                "sha256:69897097095f336d5aeef45b4103dceae51c00afa6d3ae198a2a18e519791b7a",
                "sha256:6ecd229e1815d4fc5240fc98f1cca78c41e7a8cd3e3f2eefadc4735031077916"
            ],
            "index": "pypi",
            "version": "==2.2.12"
        },
        "django-cache-url": {
            "hashes": [
                "sha256:889ac5d56105bdf44c0fd8f82c024119e198baf0bf698fdf49b1d5de92d8d4bb",
                "sha256:d0ee0d6c5daab92787bff47a4a6f5a6cf97c3c80d81a990820b2af16e12ad65a"
            ],
            "version": "==3.1.2"
        },
        "django-configurations": {
            "extras": [
                "cache",
                "database",
                "email",
                "search"
            ],
            "hashes": [
                "sha256:0b93cb7042739e2d69cfc6fb81676bbd3cbb63ea19b02e8b681f4cad3a8aaf1b",
                "sha256:9e3bcea1355ac50a4c9f854f751d214cb17e5f8adf18405a4488d0a1e8945915"
            ],
            "index": "pypi",
            "version": "==2.2"
        },
        "pytz": {
            "hashes": [
                "sha256:1c557d7d0e871de1f5ccd5833f60fb2550652da6be2693c1e02300743d21500d",
                "sha256:b02c06db6cf09c12dd25137e563b31700d3b80fcc4ad23abb7a315f2789819be"
            ],
            "version": "==2019.3"
        },
        "six": {
            "hashes": [
                "sha256:236bdbdce46e6e6a3d61a337c0f8b763ca1e8717c03b369e87a7ec7ce1319c0a",
                "sha256:8f3cd2e254d8f793e7f3d6d9df77b92252b52637291d0f0da013c76ea2724b6c"
            ],
            "version": "==1.14.0"
        },
        "sqlparse": {
            "hashes": [
                "sha256:022fb9c87b524d1f7862b3037e541f68597a730a8843245c349fc93e1643dc4e",
                "sha256:e162203737712307dfe78860cc56c8da8a852ab2ee33750e33aeadf38d12c548"
            ],
            "version": "==0.3.1"
        }
    },
    "develop": {}
}
